
Microsoft Visual Studio Solution File, Format Version 12.00
# Visual Studio Version 17
VisualStudioVersion = 17.1.31811.229
MinimumVisualStudioVersion = 10.0.40219.1
Project("{9A19103F-16F7-4668-BE54-9A1E7A4F7556}") = "SayedHa.Flashcards.Web", "SayedHa.Flashcards.Web\SayedHa.Flashcards.Web.csproj", "{0D52799D-65F3-4DEB-8473-257230C620A5}"
EndProject
Project("{9A19103F-16F7-4668-BE54-9A1E7A4F7556}") = "SayedHa.Flashcards.Shared", "SayedHa.Flashcards.Shared\SayedHa.Flashcards.Shared.csproj", "{45DD3857-A63A-4AF3-A3A3-2A2477F68E56}"
EndProject
Project("{9A19103F-16F7-4668-BE54-9A1E7A4F7556}") = "SayedHa.Flashcards.Tests", "SayedHa.Flashcards.Tests\SayedHa.Flashcards.Tests.csproj", "{D3271C3B-7D35-46FD-B494-A53F3388F0B6}"
EndProject
Global
	GlobalSection(SolutionConfigurationPlatforms) = preSolution
		Debug|Any CPU = Debug|Any CPU
		Release|Any CPU = Release|Any CPU
	EndGlobalSection
	GlobalSection(ProjectConfigurationPlatforms) = postSolution
		{0D52799D-65F3-4DEB-8473-257230C620A5}.Debug|Any CPU.ActiveCfg = Debug|Any CPU
		{0D52799D-65F3-4DEB-8473-257230C620A5}.Debug|Any CPU.Build.0 = Debug|Any CPU
		{0D52799D-65F3-4DEB-8473-257230C620A5}.Release|Any CPU.ActiveCfg = Release|Any CPU
		{0D52799D-65F3-4DEB-8473-257230C620A5}.Release|Any CPU.Build.0 = Release|Any CPU
		{45DD3857-A63A-4AF3-A3A3-2A2477F68E56}.Debug|Any CPU.ActiveCfg = Debug|Any CPU
		{45DD3857-A63A-4AF3-A3A3-2A2477F68E56}.Debug|Any CPU.Build.0 = Debug|Any CPU
		{45DD3857-A63A-4AF3-A3A3-2A2477F68E56}.Release|Any CPU.ActiveCfg = Release|Any CPU
		{45DD3857-A63A-4AF3-A3A3-2A2477F68E56}.Release|Any CPU.Build.0 = Release|Any CPU
		{D3271C3B-7D35-46FD-B494-A53F3388F0B6}.Debug|Any CPU.ActiveCfg = Debug|Any CPU
		{D3271C3B-7D35-46FD-B494-A53F3388F0B6}.Debug|Any CPU.Build.0 = Debug|Any CPU
		{D3271C3B-7D35-46FD-B494-A53F3388F0B6}.Release|Any CPU.ActiveCfg = Release|Any CPU
		{D3271C3B-7D35-46FD-B494-A53F3388F0B6}.Release|Any CPU.Build.0 = Release|Any CPU
	EndGlobalSection
	GlobalSection(SolutionProperties) = preSolution
		HideSolutionNode = FALSE
	EndGlobalSection
	GlobalSection(ExtensibilityGlobals) = postSolution
		SolutionGuid = {DDDD9C6D-0CE8-475A-89BC-D734DD3C74FC}
	EndGlobalSection
EndGlobal
